PODS:
  - Alamofire (4.7.3)
  - CocoaAsyncSocket (7.6.3)
  - CocoaMQTT (1.1.3):
    - CocoaAsyncSocket (~> 7.6.3)
  - lottie-ios (2.5.2)
  - MarqueeLabel/Swift (3.2.0)
  - Moya (11.0.2):
    - Moya/Core (= 11.0.2)
  - Moya/Core (11.0.2):
    - Alamofire (~> 4.1)
    - Result (~> 3.0)
  - NotificationBannerSwift (1.6.3):
    - MarqueeLabel/Swift
    - SnapKit (~> 4.0)
  - Realm (3.7.6):
    - Realm/Headers (= 3.7.6)
  - Realm/Headers (3.7.6)
  - RealmSwift (3.7.6):
    - Realm (= 3.7.6)
  - Result (3.2.4)
  - SnapKit (4.2.0)
  - Sodium (0.6)
  - SSZipArchive (2.1.4)

DEPENDENCIES:
  - Alamofire
  - CocoaMQTT
  - lottie-ios
  - Moya (~> 11.0)
  - NotificationBannerSwift (= 1.6.3)
  - RealmSwift
  - Sodium (from `https://github.com/nebyark/swift-sodium`)
  - SSZipArchive

EXTERNAL SOURCES:
  Sodium:
    :git: https://github.com/nebyark/swift-sodium

CHECKOUT OPTIONS:
  Sodium:
    :commit: 4b32f5d12c587e4252e039d60f9a1498526ece5b
    :git: https://github.com/nebyark/swift-sodium

SPEC CHECKSUMS:
  Alamofire: c7287b6e5d7da964a70935e5db17046b7fde6568
  CocoaAsyncSocket: eafaa68a7e0ec99ead0a7b35015e0bf25d2c8987
  CocoaMQTT: b506d38ad3bbe1c55a4f8ee8c9fd02c35da1a7d8
  lottie-ios: 3fef45d3fabe63e3c7c2eb603dd64ddfffc73062
  MarqueeLabel: 440a502b91a9179bd98f9fff00ba1150650a1c0e
  Moya: a725035953bc1c0eb1be505ab903984501d82440
  NotificationBannerSwift: b231e4c3244848ef300e1c53ce027b9756b9b06f
  Realm: 9eaecad54712d6246d08ba34c10f354e4715d7d3
  RealmSwift: 1fe08b4ebaeeaacf17f9ba0343f7b25c9fc31fa6
  Result: d2d07204ce72856f1fd9130bbe42c35a7b0fea10
  SnapKit: fe8a619752f3f27075cc9a90244d75c6c3f27e2a
  Sodium: 3cd000dc8d21be5d448fbb4366a7b1c9392b1ae6
  SSZipArchive: 41455d4b8d2b6ab93990820b50dc697c2554a322

PODFILE CHECKSUM: eec7b56f011a52391eafd5f708b967129c88fac2

COCOAPODS: 1.4.0
